
Microsoft Visual Studio Solution File, Format Version 12.00
# Visual Studio Version 17
VisualStudioVersion = 17.8.34525.116
MinimumVisualStudioVersion = 10.0.40219.1
Project("{FAE04EC0-301F-11D3-BF4B-00C04F79EFBC}") = "GraphQLDemo", "GraphQLDemo.csproj", "{015C96DB-BD2D-4374-9BBB-B688D4F5DACB}"
EndProject
Global
	GlobalSection(SolutionConfigurationPlatforms) = preSolution
		Debug|Any CPU = Debug|Any CPU
		Release|Any CPU = Release|Any CPU
	EndGlobalSection
	GlobalSection(ProjectConfigurationPlatforms) = postSolution
		{015C96DB-BD2D-4374-9BBB-B688D4F5DACB}.Debug|Any CPU.ActiveCfg = Debug|Any CPU
		{015C96DB-BD2D-4374-9BBB-B688D4F5DACB}.Debug|Any CPU.Build.0 = Debug|Any CPU
		{015C96DB-BD2D-4374-9BBB-B688D4F5DACB}.Release|Any CPU.ActiveCfg = Release|Any CPU
		{015C96DB-BD2D-4374-9BBB-B688D4F5DACB}.Release|Any CPU.Build.0 = Release|Any CPU
	EndGlobalSection
	GlobalSection(SolutionProperties) = preSolution
		HideSolutionNode = FALSE
	EndGlobalSection
	GlobalSection(ExtensibilityGlobals) = postSolution
		SolutionGuid = {0908287C-D45F-40CB-BE06-A6E42A03FEF7}
	EndGlobalSection
EndGlobal
